
Microsoft Visual Studio Solution File, Format Version 12.00
# Visual Studio Version 16
VisualStudioVersion = 16.0.31613.86
MinimumVisualStudioVersion = 10.0.40219.1
Project("{9A19103F-16F7-4668-BE54-9A1E7A4F7556}") = "BlogWebsite", "BlogWebsite\BlogWebsite.csproj", "{50B20B9E-9CAD-41CF-BF9F-18B96EEEA402}"
EndProject
Global
	GlobalSection(SolutionConfigurationPlatforms) = preSolution
		Debug|Any CPU = Debug|Any CPU
		Release|Any CPU = Release|Any CPU
	EndGlobalSection
	GlobalSection(ProjectConfigurationPlatforms) = postSolution
		{50B20B9E-9CAD-41CF-BF9F-18B96EEEA402}.Debug|Any CPU.ActiveCfg = Debug|Any CPU
		{50B20B9E-9CAD-41CF-BF9F-18B96EEEA402}.Debug|Any CPU.Build.0 = Debug|Any CPU
		{50B20B9E-9CAD-41CF-BF9F-18B96EEEA402}.Release|Any CPU.ActiveCfg = Release|Any CPU
		{50B20B9E-9CAD-41CF-BF9F-18B96EEEA402}.Release|Any CPU.Build.0 = Release|Any CPU
	EndGlobalSection
	GlobalSection(SolutionProperties) = preSolution
		HideSolutionNode = FALSE
	EndGlobalSection
	GlobalSection(ExtensibilityGlobals) = postSolution
		SolutionGuid = {F62F0BCC-C32A-4149-BEC8-3545A8D64F6E}
	EndGlobalSection
EndGlobal
